
Microsoft Visual Studio Solution File, Format Version 12.00
# Visual Studio 15
VisualStudioVersion = 15.0.26730.12
MinimumVisualStudioVersion = 10.0.40219.1
Project("{2150E333-8FDC-42A3-9474-1A3956D46DE8}") = "Projects", "Projects", "{6C315332-EE78-41E5-944A-F271D7D8278D}"
EndProject
Project("{FAE04EC0-301F-11D3-BF4B-00C04F79EFBC}") = "XamarinFormsTemplates", "XamarinFormsTemplates\XamarinFormsTemplates.csproj", "{59F903E3-74AE-413A-89BD-50F71D0C3EF4}"
EndProject
Project("{2150E333-8FDC-42A3-9474-1A3956D46DE8}") = "EmptyApp", "EmptyApp", "{95B0D078-53E2-439F-9165-9C18DE272E61}"
EndProject
Project("{2150E333-8FDC-42A3-9474-1A3956D46DE8}") = "StackNavigationApp", "StackNavigationApp", "{7946A16B-9F94-4E8D-872B-9F5A4BDBF94A}"
EndProject
Project("{2150E333-8FDC-42A3-9474-1A3956D46DE8}") = "MasterDetailApp", "MasterDetailApp", "{70008E34-CBA8-4D83-A6BC-7D4245015C72}"
EndProject
Project("{FAE04EC0-301F-11D3-BF4B-00C04F79EFBC}") = "EmptyApp", "Projects\EmptyApp\EmptyApp\EmptyApp.csproj", "{CDAD4A8F-4162-42F8-9FDB-AC90E990AD06}"
EndProject
Project("{FAE04EC0-301F-11D3-BF4B-00C04F79EFBC}") = "EmptyApp.Android", "Projects\EmptyApp\EmptyApp.Android\EmptyApp.Android.csproj", "{760709D3-6905-4D6D-B900-3269E10AB787}"
EndProject
Project("{FAE04EC0-301F-11D3-BF4B-00C04F79EFBC}") = "EmptyApp.GTK", "Projects\EmptyApp\EmptyApp.GTK\EmptyApp.GTK.csproj", "{DD97ACEF-5C77-4E48-8E05-22E0F8B5E7DD}"
EndProject
Project("{FAE04EC0-301F-11D3-BF4B-00C04F79EFBC}") = "EmptyApp.iOS", "Projects\EmptyApp\EmptyApp.iOS\EmptyApp.iOS.csproj", "{CE749A1B-BA9E-405F-B72F-40C3609E3987}"
EndProject
Project("{FAE04EC0-301F-11D3-BF4B-00C04F79EFBC}") = "EmptyApp.UWP", "Projects\EmptyApp\EmptyApp.UWP\EmptyApp.UWP.csproj", "{B691C914-75FB-431F-87A4-A399E11975A9}"
EndProject
Project("{2150E333-8FDC-42A3-9474-1A3956D46DE8}") = "ProjectTemplates", "ProjectTemplates", "{09390A8C-6848-4E6C-A511-F40B52F459FC}"
EndProject
Project("{2150E333-8FDC-42A3-9474-1A3956D46DE8}") = "EmptyApp", "EmptyApp", "{EEDE3B78-3FD8-4BB5-90CA-EF35A2834DDF}"
	ProjectSection(SolutionItems) = preProject
		ProjectsTemplates\EmptyApp\EmptyApp.vstemplate = ProjectsTemplates\EmptyApp\EmptyApp.vstemplate
	EndProjectSection
EndProject
Project("{2150E333-8FDC-42A3-9474-1A3956D46DE8}") = "EmptyApp", "EmptyApp", "{1FE6E46F-BDD7-43D5-B131-7958084AC967}"
	ProjectSection(SolutionItems) = preProject
		ProjectsTemplates\EmptyApp\EmptyApp\EmptyApp.csproj = ProjectsTemplates\EmptyApp\EmptyApp\EmptyApp.csproj
		ProjectsTemplates\EmptyApp\EmptyApp\MyTemplate.vstemplate = ProjectsTemplates\EmptyApp\EmptyApp\MyTemplate.vstemplate
	EndProjectSection
EndProject
Project("{2150E333-8FDC-42A3-9474-1A3956D46DE8}") = "EmptyApp.GTK", "EmptyApp.GTK", "{056D3DB9-D405-48C0-B726-A263D16CD9A8}"
	ProjectSection(SolutionItems) = preProject
		ProjectsTemplates\EmptyApp\EmptyApp.GTK\EmptyApp.GTK.csproj = ProjectsTemplates\EmptyApp\EmptyApp.GTK\EmptyApp.GTK.csproj
		ProjectsTemplates\EmptyApp\EmptyApp.GTK\MyTemplate.vstemplate = ProjectsTemplates\EmptyApp\EmptyApp.GTK\MyTemplate.vstemplate
	EndProjectSection
EndProject
Project("{2150E333-8FDC-42A3-9474-1A3956D46DE8}") = "EmptyApp.Android", "EmptyApp.Android", "{CA08D4B6-817D-47F2-86D8-816533B4692B}"
	ProjectSection(SolutionItems) = preProject
		ProjectsTemplates\EmptyApp\EmptyApp.Android\EmptyApp.Android.csproj = ProjectsTemplates\EmptyApp\EmptyApp.Android\EmptyApp.Android.csproj
		ProjectsTemplates\EmptyApp\EmptyApp.Android\MyTemplate.vstemplate = ProjectsTemplates\EmptyApp\EmptyApp.Android\MyTemplate.vstemplate
	EndProjectSection
EndProject
Project("{2150E333-8FDC-42A3-9474-1A3956D46DE8}") = "EmptyApp.iOS", "EmptyApp.iOS", "{05D0CAED-AFF6-4D79-AD42-EE433826CA0A}"
	ProjectSection(SolutionItems) = preProject
		ProjectsTemplates\EmptyApp\EmptyApp.iOS\EmptyApp.iOS.csproj = ProjectsTemplates\EmptyApp\EmptyApp.iOS\EmptyApp.iOS.csproj
		ProjectsTemplates\EmptyApp\EmptyApp.iOS\MyTemplate.vstemplate = ProjectsTemplates\EmptyApp\EmptyApp.iOS\MyTemplate.vstemplate
	EndProjectSection
EndProject
Project("{2150E333-8FDC-42A3-9474-1A3956D46DE8}") = "EmptyApp.UWP", "EmptyApp.UWP", "{AEEC3DEB-02D4-43CD-AAAC-D66BCAD5A532}"
	ProjectSection(SolutionItems) = preProject
		ProjectsTemplates\EmptyApp\EmptyApp.UWP\EmptyApp.UWP.csproj = ProjectsTemplates\EmptyApp\EmptyApp.UWP\EmptyApp.UWP.csproj
		ProjectsTemplates\EmptyApp\EmptyApp.UWP\MyTemplate.vstemplate = ProjectsTemplates\EmptyApp\EmptyApp.UWP\MyTemplate.vstemplate
	EndProjectSection
EndProject
Project("{2150E333-8FDC-42A3-9474-1A3956D46DE8}") = "MasterDetailApp", "MasterDetailApp", "{19FAE58C-C6C4-4FBA-BF79-ED2C7F1EB737}"
EndProject
Project("{2150E333-8FDC-42A3-9474-1A3956D46DE8}") = "StackNavigationApp", "StackNavigationApp", "{42D604FB-4F8B-4584-AB8C-287DA908DD4B}"
EndProject
Global
	GlobalSection(SolutionConfigurationPlatforms) = preSolution
		Ad-Hoc|Any CPU = Ad-Hoc|Any CPU
		Ad-Hoc|ARM = Ad-Hoc|ARM
		Ad-Hoc|iPhone = Ad-Hoc|iPhone
		Ad-Hoc|iPhoneSimulator = Ad-Hoc|iPhoneSimulator
		Ad-Hoc|x64 = Ad-Hoc|x64
		Ad-Hoc|x86 = Ad-Hoc|x86
		AppStore|Any CPU = AppStore|Any CPU
		AppStore|ARM = AppStore|ARM
		AppStore|iPhone = AppStore|iPhone
		AppStore|iPhoneSimulator = AppStore|iPhoneSimulator
		AppStore|x64 = AppStore|x64
		AppStore|x86 = AppStore|x86
		Debug|Any CPU = Debug|Any CPU
		Debug|ARM = Debug|ARM
		Debug|iPhone = Debug|iPhone
		Debug|iPhoneSimulator = Debug|iPhoneSimulator
		Debug|x64 = Debug|x64
		Debug|x86 = Debug|x86
		Release|Any CPU = Release|Any CPU
		Release|ARM = Release|ARM
		Release|iPhone = Release|iPhone
		Release|iPhoneSimulator = Release|iPhoneSimulator
		Release|x64 = Release|x64
		Release|x86 = Release|x86
	EndGlobalSection
	GlobalSection(ProjectConfigurationPlatforms) = postSolution
		{59F903E3-74AE-413A-89BD-50F71D0C3EF4}.Ad-Hoc|Any CPU.ActiveCfg = Release|Any CPU
		{59F903E3-74AE-413A-89BD-50F71D0C3EF4}.Ad-Hoc|Any CPU.Build.0 = Release|Any CPU
		{59F903E3-74AE-413A-89BD-50F71D0C3EF4}.Ad-Hoc|ARM.ActiveCfg = Release|Any CPU
		{59F903E3-74AE-413A-89BD-50F71D0C3EF4}.Ad-Hoc|ARM.Build.0 = Release|Any CPU
		{59F903E3-74AE-413A-89BD-50F71D0C3EF4}.Ad-Hoc|iPhone.ActiveCfg = Release|Any CPU
		{59F903E3-74AE-413A-89BD-50F71D0C3EF4}.Ad-Hoc|iPhone.Build.0 = Release|Any CPU
		{59F903E3-74AE-413A-89BD-50F71D0C3EF4}.Ad-Hoc|iPhoneSimulator.ActiveCfg = Release|Any CPU
		{59F903E3-74AE-413A-89BD-50F71D0C3EF4}.Ad-Hoc|iPhoneSimulator.Build.0 = Release|Any CPU
		{59F903E3-74AE-413A-89BD-50F71D0C3EF4}.Ad-Hoc|x64.ActiveCfg = Release|Any CPU
		{59F903E3-74AE-413A-89BD-50F71D0C3EF4}.Ad-Hoc|x64.Build.0 = Release|Any CPU
		{59F903E3-74AE-413A-89BD-50F71D0C3EF4}.Ad-Hoc|x86.ActiveCfg = Release|Any CPU
		{59F903E3-74AE-413A-89BD-50F71D0C3EF4}.Ad-Hoc|x86.Build.0 = Release|Any CPU
		{59F903E3-74AE-413A-89BD-50F71D0C3EF4}.AppStore|Any CPU.ActiveCfg = Release|Any CPU
		{59F903E3-74AE-413A-89BD-50F71D0C3EF4}.AppStore|Any CPU.Build.0 = Release|Any CPU
		{59F903E3-74AE-413A-89BD-50F71D0C3EF4}.AppStore|ARM.ActiveCfg = Release|Any CPU
		{59F903E3-74AE-413A-89BD-50F71D0C3EF4}.AppStore|ARM.Build.0 = Release|Any CPU
		{59F903E3-74AE-413A-89BD-50F71D0C3EF4}.AppStore|iPhone.ActiveCfg = Release|Any CPU
		{59F903E3-74AE-413A-89BD-50F71D0C3EF4}.AppStore|iPhone.Build.0 = Release|Any CPU
		{59F903E3-74AE-413A-89BD-50F71D0C3EF4}.AppStore|iPhoneSimulator.ActiveCfg = Release|Any CPU
		{59F903E3-74AE-413A-89BD-50F71D0C3EF4}.AppStore|iPhoneSimulator.Build.0 = Release|Any CPU
		{59F903E3-74AE-413A-89BD-50F71D0C3EF4}.AppStore|x64.ActiveCfg = Release|Any CPU
		{59F903E3-74AE-413A-89BD-50F71D0C3EF4}.AppStore|x64.Build.0 = Release|Any CPU
		{59F903E3-74AE-413A-89BD-50F71D0C3EF4}.AppStore|x86.ActiveCfg = Release|Any CPU
		{59F903E3-74AE-413A-89BD-50F71D0C3EF4}.AppStore|x86.Build.0 = Release|Any CPU
		{59F903E3-74AE-413A-89BD-50F71D0C3EF4}.Debug|Any CPU.ActiveCfg = Debug|Any CPU
		{59F903E3-74AE-413A-89BD-50F71D0C3EF4}.Debug|Any CPU.Build.0 = Debug|Any CPU
		{59F903E3-74AE-413A-89BD-50F71D0C3EF4}.Debug|ARM.ActiveCfg = Debug|Any CPU
		{59F903E3-74AE-413A-89BD-50F71D0C3EF4}.Debug|ARM.Build.0 = Debug|Any CPU
		{59F903E3-74AE-413A-89BD-50F71D0C3EF4}.Debug|iPhone.ActiveCfg = Debug|Any CPU
		{59F903E3-74AE-413A-89BD-50F71D0C3EF4}.Debug|iPhone.Build.0 = Debug|Any CPU
		{59F903E3-74AE-413A-89BD-50F71D0C3EF4}.Debug|iPhoneSimulator.ActiveCfg = Debug|Any CPU
		{59F903E3-74AE-413A-89BD-50F71D0C3EF4}.Debug|iPhoneSimulator.Build.0 = Debug|Any CPU
		{59F903E3-74AE-413A-89BD-50F71D0C3EF4}.Debug|x64.ActiveCfg = Debug|Any CPU
		{59F903E3-74AE-413A-89BD-50F71D0C3EF4}.Debug|x64.Build.0 = Debug|Any CPU
		{59F903E3-74AE-413A-89BD-50F71D0C3EF4}.Debug|x86.ActiveCfg = Debug|Any CPU
		{59F903E3-74AE-413A-89BD-50F71D0C3EF4}.Debug|x86.Build.0 = Debug|Any CPU
		{59F903E3-74AE-413A-89BD-50F71D0C3EF4}.Release|Any CPU.ActiveCfg = Release|Any CPU
		{59F903E3-74AE-413A-89BD-50F71D0C3EF4}.Release|Any CPU.Build.0 = Release|Any CPU
		{59F903E3-74AE-413A-89BD-50F71D0C3EF4}.Release|ARM.ActiveCfg = Release|Any CPU
		{59F903E3-74AE-413A-89BD-50F71D0C3EF4}.Release|ARM.Build.0 = Release|Any CPU
		{59F903E3-74AE-413A-89BD-50F71D0C3EF4}.Release|iPhone.ActiveCfg = Release|Any CPU
		{59F903E3-74AE-413A-89BD-50F71D0C3EF4}.Release|iPhone.Build.0 = Release|Any CPU
		{59F903E3-74AE-413A-89BD-50F71D0C3EF4}.Release|iPhoneSimulator.ActiveCfg = Release|Any CPU
		{59F903E3-74AE-413A-89BD-50F71D0C3EF4}.Release|iPhoneSimulator.Build.0 = Release|Any CPU
		{59F903E3-74AE-413A-89BD-50F71D0C3EF4}.Release|x64.ActiveCfg = Release|Any CPU
		{59F903E3-74AE-413A-89BD-50F71D0C3EF4}.Release|x64.Build.0 = Release|Any CPU
		{59F903E3-74AE-413A-89BD-50F71D0C3EF4}.Release|x86.ActiveCfg = Release|Any CPU
		{59F903E3-74AE-413A-89BD-50F71D0C3EF4}.Release|x86.Build.0 = Release|Any CPU
		{CDAD4A8F-4162-42F8-9FDB-AC90E990AD06}.Ad-Hoc|Any CPU.ActiveCfg = Release|Any CPU
		{CDAD4A8F-4162-42F8-9FDB-AC90E990AD06}.Ad-Hoc|Any CPU.Build.0 = Release|Any CPU
		{CDAD4A8F-4162-42F8-9FDB-AC90E990AD06}.Ad-Hoc|ARM.ActiveCfg = Release|Any CPU
		{CDAD4A8F-4162-42F8-9FDB-AC90E990AD06}.Ad-Hoc|ARM.Build.0 = Release|Any CPU
		{CDAD4A8F-4162-42F8-9FDB-AC90E990AD06}.Ad-Hoc|iPhone.ActiveCfg = Release|Any CPU
		{CDAD4A8F-4162-42F8-9FDB-AC90E990AD06}.Ad-Hoc|iPhone.Build.0 = Release|Any CPU
		{CDAD4A8F-4162-42F8-9FDB-AC90E990AD06}.Ad-Hoc|iPhoneSimulator.ActiveCfg = Release|Any CPU
		{CDAD4A8F-4162-42F8-9FDB-AC90E990AD06}.Ad-Hoc|iPhoneSimulator.Build.0 = Release|Any CPU
		{CDAD4A8F-4162-42F8-9FDB-AC90E990AD06}.Ad-Hoc|x64.ActiveCfg = Release|Any CPU
		{CDAD4A8F-4162-42F8-9FDB-AC90E990AD06}.Ad-Hoc|x64.Build.0 = Release|Any CPU
		{CDAD4A8F-4162-42F8-9FDB-AC90E990AD06}.Ad-Hoc|x86.ActiveCfg = Release|Any CPU
		{CDAD4A8F-4162-42F8-9FDB-AC90E990AD06}.Ad-Hoc|x86.Build.0 = Release|Any CPU
		{CDAD4A8F-4162-42F8-9FDB-AC90E990AD06}.AppStore|Any CPU.ActiveCfg = Release|Any CPU
		{CDAD4A8F-4162-42F8-9FDB-AC90E990AD06}.AppStore|Any CPU.Build.0 = Release|Any CPU
		{CDAD4A8F-4162-42F8-9FDB-AC90E990AD06}.AppStore|ARM.ActiveCfg = Release|Any CPU
		{CDAD4A8F-4162-42F8-9FDB-AC90E990AD06}.AppStore|ARM.Build.0 = Release|Any CPU
		{CDAD4A8F-4162-42F8-9FDB-AC90E990AD06}.AppStore|iPhone.ActiveCfg = Release|Any CPU
		{CDAD4A8F-4162-42F8-9FDB-AC90E990AD06}.AppStore|iPhone.Build.0 = Release|Any CPU
		{CDAD4A8F-4162-42F8-9FDB-AC90E990AD06}.AppStore|iPhoneSimulator.ActiveCfg = Release|Any CPU
		{CDAD4A8F-4162-42F8-9FDB-AC90E990AD06}.AppStore|iPhoneSimulator.Build.0 = Release|Any CPU
		{CDAD4A8F-4162-42F8-9FDB-AC90E990AD06}.AppStore|x64.ActiveCfg = Release|Any CPU
		{CDAD4A8F-4162-42F8-9FDB-AC90E990AD06}.AppStore|x64.Build.0 = Release|Any CPU
		{CDAD4A8F-4162-42F8-9FDB-AC90E990AD06}.AppStore|x86.ActiveCfg = Release|Any CPU
		{CDAD4A8F-4162-42F8-9FDB-AC90E990AD06}.AppStore|x86.Build.0 = Release|Any CPU
		{CDAD4A8F-4162-42F8-9FDB-AC90E990AD06}.Debug|Any CPU.ActiveCfg = Debug|Any CPU
		{CDAD4A8F-4162-42F8-9FDB-AC90E990AD06}.Debug|Any CPU.Build.0 = Debug|Any CPU
		{CDAD4A8F-4162-42F8-9FDB-AC90E990AD06}.Debug|ARM.ActiveCfg = Debug|Any CPU
		{CDAD4A8F-4162-42F8-9FDB-AC90E990AD06}.Debug|ARM.Build.0 = Debug|Any CPU
		{CDAD4A8F-4162-42F8-9FDB-AC90E990AD06}.Debug|iPhone.ActiveCfg = Debug|Any CPU
		{CDAD4A8F-4162-42F8-9FDB-AC90E990AD06}.Debug|iPhone.Build.0 = Debug|Any CPU
		{CDAD4A8F-4162-42F8-9FDB-AC90E990AD06}.Debug|iPhoneSimulator.ActiveCfg = Debug|Any CPU
		{CDAD4A8F-4162-42F8-9FDB-AC90E990AD06}.Debug|iPhoneSimulator.Build.0 = Debug|Any CPU
		{CDAD4A8F-4162-42F8-9FDB-AC90E990AD06}.Debug|x64.ActiveCfg = Debug|Any CPU
		{CDAD4A8F-4162-42F8-9FDB-AC90E990AD06}.Debug|x64.Build.0 = Debug|Any CPU
		{CDAD4A8F-4162-42F8-9FDB-AC90E990AD06}.Debug|x86.ActiveCfg = Debug|Any CPU
		{CDAD4A8F-4162-42F8-9FDB-AC90E990AD06}.Debug|x86.Build.0 = Debug|Any CPU
		{CDAD4A8F-4162-42F8-9FDB-AC90E990AD06}.Release|Any CPU.ActiveCfg = Release|Any CPU
		{CDAD4A8F-4162-42F8-9FDB-AC90E990AD06}.Release|Any CPU.Build.0 = Release|Any CPU
		{CDAD4A8F-4162-42F8-9FDB-AC90E990AD06}.Release|ARM.ActiveCfg = Release|Any CPU
		{CDAD4A8F-4162-42F8-9FDB-AC90E990AD06}.Release|ARM.Build.0 = Release|Any CPU
		{CDAD4A8F-4162-42F8-9FDB-AC90E990AD06}.Release|iPhone.ActiveCfg = Release|Any CPU
		{CDAD4A8F-4162-42F8-9FDB-AC90E990AD06}.Release|iPhone.Build.0 = Release|Any CPU
		{CDAD4A8F-4162-42F8-9FDB-AC90E990AD06}.Release|iPhoneSimulator.ActiveCfg = Release|Any CPU
		{CDAD4A8F-4162-42F8-9FDB-AC90E990AD06}.Release|iPhoneSimulator.Build.0 = Release|Any CPU
		{CDAD4A8F-4162-42F8-9FDB-AC90E990AD06}.Release|x64.ActiveCfg = Release|Any CPU
		{CDAD4A8F-4162-42F8-9FDB-AC90E990AD06}.Release|x64.Build.0 = Release|Any CPU
		{CDAD4A8F-4162-42F8-9FDB-AC90E990AD06}.Release|x86.ActiveCfg = Release|Any CPU
		{CDAD4A8F-4162-42F8-9FDB-AC90E990AD06}.Release|x86.Build.0 = Release|Any CPU
		{760709D3-6905-4D6D-B900-3269E10AB787}.Ad-Hoc|Any CPU.ActiveCfg = Release|Any CPU
		{760709D3-6905-4D6D-B900-3269E10AB787}.Ad-Hoc|Any CPU.Build.0 = Release|Any CPU
		{760709D3-6905-4D6D-B900-3269E10AB787}.Ad-Hoc|Any CPU.Deploy.0 = Release|Any CPU
		{760709D3-6905-4D6D-B900-3269E10AB787}.Ad-Hoc|ARM.ActiveCfg = Release|Any CPU
		{760709D3-6905-4D6D-B900-3269E10AB787}.Ad-Hoc|ARM.Build.0 = Release|Any CPU
		{760709D3-6905-4D6D-B900-3269E10AB787}.Ad-Hoc|ARM.Deploy.0 = Release|Any CPU
		{760709D3-6905-4D6D-B900-3269E10AB787}.Ad-Hoc|iPhone.ActiveCfg = Release|Any CPU
		{760709D3-6905-4D6D-B900-3269E10AB787}.Ad-Hoc|iPhone.Build.0 = Release|Any CPU
		{760709D3-6905-4D6D-B900-3269E10AB787}.Ad-Hoc|iPhone.Deploy.0 = Release|Any CPU
		{760709D3-6905-4D6D-B900-3269E10AB787}.Ad-Hoc|iPhoneSimulator.ActiveCfg = Release|Any CPU
		{760709D3-6905-4D6D-B900-3269E10AB787}.Ad-Hoc|iPhoneSimulator.Build.0 = Release|Any CPU
		{760709D3-6905-4D6D-B900-3269E10AB787}.Ad-Hoc|iPhoneSimulator.Deploy.0 = Release|Any CPU
		{760709D3-6905-4D6D-B900-3269E10AB787}.Ad-Hoc|x64.ActiveCfg = Release|Any CPU
		{760709D3-6905-4D6D-B900-3269E10AB787}.Ad-Hoc|x64.Build.0 = Release|Any CPU
		{760709D3-6905-4D6D-B900-3269E10AB787}.Ad-Hoc|x64.Deploy.0 = Release|Any CPU
		{760709D3-6905-4D6D-B900-3269E10AB787}.Ad-Hoc|x86.ActiveCfg = Release|Any CPU
		{760709D3-6905-4D6D-B900-3269E10AB787}.Ad-Hoc|x86.Build.0 = Release|Any CPU
		{760709D3-6905-4D6D-B900-3269E10AB787}.Ad-Hoc|x86.Deploy.0 = Release|Any CPU
		{760709D3-6905-4D6D-B900-3269E10AB787}.AppStore|Any CPU.ActiveCfg = Release|Any CPU
		{760709D3-6905-4D6D-B900-3269E10AB787}.AppStore|Any CPU.Build.0 = Release|Any CPU
		{760709D3-6905-4D6D-B900-3269E10AB787}.AppStore|Any CPU.Deploy.0 = Release|Any CPU
		{760709D3-6905-4D6D-B900-3269E10AB787}.AppStore|ARM.ActiveCfg = Release|Any CPU
		{760709D3-6905-4D6D-B900-3269E10AB787}.AppStore|ARM.Build.0 = Release|Any CPU
		{760709D3-6905-4D6D-B900-3269E10AB787}.AppStore|ARM.Deploy.0 = Release|Any CPU
		{760709D3-6905-4D6D-B900-3269E10AB787}.AppStore|iPhone.ActiveCfg = Release|Any CPU
		{760709D3-6905-4D6D-B900-3269E10AB787}.AppStore|iPhone.Build.0 = Release|Any CPU
		{760709D3-6905-4D6D-B900-3269E10AB787}.AppStore|iPhone.Deploy.0 = Release|Any CPU
		{760709D3-6905-4D6D-B900-3269E10AB787}.AppStore|iPhoneSimulator.ActiveCfg = Release|Any CPU
		{760709D3-6905-4D6D-B900-3269E10AB787}.AppStore|iPhoneSimulator.Build.0 = Release|Any CPU
		{760709D3-6905-4D6D-B900-3269E10AB787}.AppStore|iPhoneSimulator.Deploy.0 = Release|Any CPU
		{760709D3-6905-4D6D-B900-3269E10AB787}.AppStore|x64.ActiveCfg = Release|Any CPU
		{760709D3-6905-4D6D-B900-3269E10AB787}.AppStore|x64.Build.0 = Release|Any CPU
		{760709D3-6905-4D6D-B900-3269E10AB787}.AppStore|x64.Deploy.0 = Release|Any CPU
		{760709D3-6905-4D6D-B900-3269E10AB787}.AppStore|x86.ActiveCfg = Release|Any CPU
		{760709D3-6905-4D6D-B900-3269E10AB787}.AppStore|x86.Build.0 = Release|Any CPU
		{760709D3-6905-4D6D-B900-3269E10AB787}.AppStore|x86.Deploy.0 = Release|Any CPU
		{760709D3-6905-4D6D-B900-3269E10AB787}.Debug|Any CPU.ActiveCfg = Debug|Any CPU
		{760709D3-6905-4D6D-B900-3269E10AB787}.Debug|Any CPU.Build.0 = Debug|Any CPU
		{760709D3-6905-4D6D-B900-3269E10AB787}.Debug|Any CPU.Deploy.0 = Debug|Any CPU
		{760709D3-6905-4D6D-B900-3269E10AB787}.Debug|ARM.ActiveCfg = Debug|Any CPU
		{760709D3-6905-4D6D-B900-3269E10AB787}.Debug|ARM.Build.0 = Debug|Any CPU
		{760709D3-6905-4D6D-B900-3269E10AB787}.Debug|ARM.Deploy.0 = Debug|Any CPU
		{760709D3-6905-4D6D-B900-3269E10AB787}.Debug|iPhone.ActiveCfg = Debug|Any CPU
		{760709D3-6905-4D6D-B900-3269E10AB787}.Debug|iPhone.Build.0 = Debug|Any CPU
		{760709D3-6905-4D6D-B900-3269E10AB787}.Debug|iPhone.Deploy.0 = Debug|Any CPU
		{760709D3-6905-4D6D-B900-3269E10AB787}.Debug|iPhoneSimulator.ActiveCfg = Debug|Any CPU
		{760709D3-6905-4D6D-B900-3269E10AB787}.Debug|iPhoneSimulator.Build.0 = Debug|Any CPU
		{760709D3-6905-4D6D-B900-3269E10AB787}.Debug|iPhoneSimulator.Deploy.0 = Debug|Any CPU
		{760709D3-6905-4D6D-B900-3269E10AB787}.Debug|x64.ActiveCfg = Debug|Any CPU
		{760709D3-6905-4D6D-B900-3269E10AB787}.Debug|x64.Build.0 = Debug|Any CPU
		{760709D3-6905-4D6D-B900-3269E10AB787}.Debug|x64.Deploy.0 = Debug|Any CPU
		{760709D3-6905-4D6D-B900-3269E10AB787}.Debug|x86.ActiveCfg = Debug|Any CPU
		{760709D3-6905-4D6D-B900-3269E10AB787}.Debug|x86.Build.0 = Debug|Any CPU
		{760709D3-6905-4D6D-B900-3269E10AB787}.Debug|x86.Deploy.0 = Debug|Any CPU
		{760709D3-6905-4D6D-B900-3269E10AB787}.Release|Any CPU.ActiveCfg = Release|Any CPU
		{760709D3-6905-4D6D-B900-3269E10AB787}.Release|Any CPU.Build.0 = Release|Any CPU
		{760709D3-6905-4D6D-B900-3269E10AB787}.Release|Any CPU.Deploy.0 = Release|Any CPU
		{760709D3-6905-4D6D-B900-3269E10AB787}.Release|ARM.ActiveCfg = Release|Any CPU
		{760709D3-6905-4D6D-B900-3269E10AB787}.Release|ARM.Build.0 = Release|Any CPU
		{760709D3-6905-4D6D-B900-3269E10AB787}.Release|ARM.Deploy.0 = Release|Any CPU
		{760709D3-6905-4D6D-B900-3269E10AB787}.Release|iPhone.ActiveCfg = Release|Any CPU
		{760709D3-6905-4D6D-B900-3269E10AB787}.Release|iPhone.Build.0 = Release|Any CPU
		{760709D3-6905-4D6D-B900-3269E10AB787}.Release|iPhone.Deploy.0 = Release|Any CPU
		{760709D3-6905-4D6D-B900-3269E10AB787}.Release|iPhoneSimulator.ActiveCfg = Release|Any CPU
		{760709D3-6905-4D6D-B900-3269E10AB787}.Release|iPhoneSimulator.Build.0 = Release|Any CPU
		{760709D3-6905-4D6D-B900-3269E10AB787}.Release|iPhoneSimulator.Deploy.0 = Release|Any CPU
		{760709D3-6905-4D6D-B900-3269E10AB787}.Release|x64.ActiveCfg = Release|Any CPU
		{760709D3-6905-4D6D-B900-3269E10AB787}.Release|x64.Build.0 = Release|Any CPU
		{760709D3-6905-4D6D-B900-3269E10AB787}.Release|x64.Deploy.0 = Release|Any CPU
		{760709D3-6905-4D6D-B900-3269E10AB787}.Release|x86.ActiveCfg = Release|Any CPU
		{760709D3-6905-4D6D-B900-3269E10AB787}.Release|x86.Build.0 = Release|Any CPU
		{760709D3-6905-4D6D-B900-3269E10AB787}.Release|x86.Deploy.0 = Release|Any CPU
		{DD97ACEF-5C77-4E48-8E05-22E0F8B5E7DD}.Ad-Hoc|Any CPU.ActiveCfg = Release|Any CPU
		{DD97ACEF-5C77-4E48-8E05-22E0F8B5E7DD}.Ad-Hoc|Any CPU.Build.0 = Release|Any CPU
		{DD97ACEF-5C77-4E48-8E05-22E0F8B5E7DD}.Ad-Hoc|ARM.ActiveCfg = Release|Any CPU
		{DD97ACEF-5C77-4E48-8E05-22E0F8B5E7DD}.Ad-Hoc|ARM.Build.0 = Release|Any CPU
		{DD97ACEF-5C77-4E48-8E05-22E0F8B5E7DD}.Ad-Hoc|iPhone.ActiveCfg = Release|Any CPU
		{DD97ACEF-5C77-4E48-8E05-22E0F8B5E7DD}.Ad-Hoc|iPhone.Build.0 = Release|Any CPU
		{DD97ACEF-5C77-4E48-8E05-22E0F8B5E7DD}.Ad-Hoc|iPhoneSimulator.ActiveCfg = Release|Any CPU
		{DD97ACEF-5C77-4E48-8E05-22E0F8B5E7DD}.Ad-Hoc|iPhoneSimulator.Build.0 = Release|Any CPU
		{DD97ACEF-5C77-4E48-8E05-22E0F8B5E7DD}.Ad-Hoc|x64.ActiveCfg = Release|Any CPU
		{DD97ACEF-5C77-4E48-8E05-22E0F8B5E7DD}.Ad-Hoc|x64.Build.0 = Release|Any CPU
		{DD97ACEF-5C77-4E48-8E05-22E0F8B5E7DD}.Ad-Hoc|x86.ActiveCfg = Release|Any CPU
		{DD97ACEF-5C77-4E48-8E05-22E0F8B5E7DD}.Ad-Hoc|x86.Build.0 = Release|Any CPU
		{DD97ACEF-5C77-4E48-8E05-22E0F8B5E7DD}.AppStore|Any CPU.ActiveCfg = Release|Any CPU
		{DD97ACEF-5C77-4E48-8E05-22E0F8B5E7DD}.AppStore|Any CPU.Build.0 = Release|Any CPU
		{DD97ACEF-5C77-4E48-8E05-22E0F8B5E7DD}.AppStore|ARM.ActiveCfg = Release|Any CPU
		{DD97ACEF-5C77-4E48-8E05-22E0F8B5E7DD}.AppStore|ARM.Build.0 = Release|Any CPU
		{DD97ACEF-5C77-4E48-8E05-22E0F8B5E7DD}.AppStore|iPhone.ActiveCfg = Release|Any CPU
		{DD97ACEF-5C77-4E48-8E05-22E0F8B5E7DD}.AppStore|iPhone.Build.0 = Release|Any CPU
		{DD97ACEF-5C77-4E48-8E05-22E0F8B5E7DD}.AppStore|iPhoneSimulator.ActiveCfg = Release|Any CPU
		{DD97ACEF-5C77-4E48-8E05-22E0F8B5E7DD}.AppStore|iPhoneSimulator.Build.0 = Release|Any CPU
		{DD97ACEF-5C77-4E48-8E05-22E0F8B5E7DD}.AppStore|x64.ActiveCfg = Release|Any CPU
		{DD97ACEF-5C77-4E48-8E05-22E0F8B5E7DD}.AppStore|x64.Build.0 = Release|Any CPU
		{DD97ACEF-5C77-4E48-8E05-22E0F8B5E7DD}.AppStore|x86.ActiveCfg = Release|Any CPU
		{DD97ACEF-5C77-4E48-8E05-22E0F8B5E7DD}.AppStore|x86.Build.0 = Release|Any CPU
		{DD97ACEF-5C77-4E48-8E05-22E0F8B5E7DD}.Debug|Any CPU.ActiveCfg = Debug|Any CPU
		{DD97ACEF-5C77-4E48-8E05-22E0F8B5E7DD}.Debug|Any CPU.Build.0 = Debug|Any CPU
		{DD97ACEF-5C77-4E48-8E05-22E0F8B5E7DD}.Debug|ARM.ActiveCfg = Debug|Any CPU
		{DD97ACEF-5C77-4E48-8E05-22E0F8B5E7DD}.Debug|ARM.Build.0 = Debug|Any CPU
		{DD97ACEF-5C77-4E48-8E05-22E0F8B5E7DD}.Debug|iPhone.ActiveCfg = Debug|Any CPU
		{DD97ACEF-5C77-4E48-8E05-22E0F8B5E7DD}.Debug|iPhone.Build.0 = Debug|Any CPU
		{DD97ACEF-5C77-4E48-8E05-22E0F8B5E7DD}.Debug|iPhoneSimulator.ActiveCfg = Debug|Any CPU
		{DD97ACEF-5C77-4E48-8E05-22E0F8B5E7DD}.Debug|iPhoneSimulator.Build.0 = Debug|Any CPU
		{DD97ACEF-5C77-4E48-8E05-22E0F8B5E7DD}.Debug|x64.ActiveCfg = Debug|Any CPU
		{DD97ACEF-5C77-4E48-8E05-22E0F8B5E7DD}.Debug|x64.Build.0 = Debug|Any CPU
		{DD97ACEF-5C77-4E48-8E05-22E0F8B5E7DD}.Debug|x86.ActiveCfg = Debug|Any CPU
		{DD97ACEF-5C77-4E48-8E05-22E0F8B5E7DD}.Debug|x86.Build.0 = Debug|Any CPU
		{DD97ACEF-5C77-4E48-8E05-22E0F8B5E7DD}.Release|Any CPU.ActiveCfg = Release|Any CPU
		{DD97ACEF-5C77-4E48-8E05-22E0F8B5E7DD}.Release|Any CPU.Build.0 = Release|Any CPU
		{DD97ACEF-5C77-4E48-8E05-22E0F8B5E7DD}.Release|ARM.ActiveCfg = Release|Any CPU
		{DD97ACEF-5C77-4E48-8E05-22E0F8B5E7DD}.Release|ARM.Build.0 = Release|Any CPU
		{DD97ACEF-5C77-4E48-8E05-22E0F8B5E7DD}.Release|iPhone.ActiveCfg = Release|Any CPU
		{DD97ACEF-5C77-4E48-8E05-22E0F8B5E7DD}.Release|iPhone.Build.0 = Release|Any CPU
		{DD97ACEF-5C77-4E48-8E05-22E0F8B5E7DD}.Release|iPhoneSimulator.ActiveCfg = Release|Any CPU
		{DD97ACEF-5C77-4E48-8E05-22E0F8B5E7DD}.Release|iPhoneSimulator.Build.0 = Release|Any CPU
		{DD97ACEF-5C77-4E48-8E05-22E0F8B5E7DD}.Release|x64.ActiveCfg = Release|Any CPU
		{DD97ACEF-5C77-4E48-8E05-22E0F8B5E7DD}.Release|x64.Build.0 = Release|Any CPU
		{DD97ACEF-5C77-4E48-8E05-22E0F8B5E7DD}.Release|x86.ActiveCfg = Release|Any CPU
		{DD97ACEF-5C77-4E48-8E05-22E0F8B5E7DD}.Release|x86.Build.0 = Release|Any CPU
		{CE749A1B-BA9E-405F-B72F-40C3609E3987}.Ad-Hoc|Any CPU.ActiveCfg = Ad-Hoc|iPhone
		{CE749A1B-BA9E-405F-B72F-40C3609E3987}.Ad-Hoc|ARM.ActiveCfg = Ad-Hoc|iPhone
		{CE749A1B-BA9E-405F-B72F-40C3609E3987}.Ad-Hoc|iPhone.ActiveCfg = Ad-Hoc|iPhone
		{CE749A1B-BA9E-405F-B72F-40C3609E3987}.Ad-Hoc|iPhone.Build.0 = Ad-Hoc|iPhone
		{CE749A1B-BA9E-405F-B72F-40C3609E3987}.Ad-Hoc|iPhoneSimulator.ActiveCfg = Ad-Hoc|iPhoneSimulator
		{CE749A1B-BA9E-405F-B72F-40C3609E3987}.Ad-Hoc|iPhoneSimulator.Build.0 = Ad-Hoc|iPhoneSimulator
		{CE749A1B-BA9E-405F-B72F-40C3609E3987}.Ad-Hoc|x64.ActiveCfg = Ad-Hoc|iPhone
		{CE749A1B-BA9E-405F-B72F-40C3609E3987}.Ad-Hoc|x86.ActiveCfg = Ad-Hoc|iPhone
		{CE749A1B-BA9E-405F-B72F-40C3609E3987}.AppStore|Any CPU.ActiveCfg = AppStore|iPhone
		{CE749A1B-BA9E-405F-B72F-40C3609E3987}.AppStore|ARM.ActiveCfg = AppStore|iPhone
		{CE749A1B-BA9E-405F-B72F-40C3609E3987}.AppStore|iPhone.ActiveCfg = AppStore|iPhone
		{CE749A1B-BA9E-405F-B72F-40C3609E3987}.AppStore|iPhone.Build.0 = AppStore|iPhone
		{CE749A1B-BA9E-405F-B72F-40C3609E3987}.AppStore|iPhoneSimulator.ActiveCfg = AppStore|iPhoneSimulator
		{CE749A1B-BA9E-405F-B72F-40C3609E3987}.AppStore|iPhoneSimulator.Build.0 = AppStore|iPhoneSimulator
		{CE749A1B-BA9E-405F-B72F-40C3609E3987}.AppStore|x64.ActiveCfg = AppStore|iPhone
		{CE749A1B-BA9E-405F-B72F-40C3609E3987}.AppStore|x86.ActiveCfg = AppStore|iPhone
		{CE749A1B-BA9E-405F-B72F-40C3609E3987}.Debug|Any CPU.ActiveCfg = Debug|iPhone
		{CE749A1B-BA9E-405F-B72F-40C3609E3987}.Debug|ARM.ActiveCfg = Debug|iPhone
		{CE749A1B-BA9E-405F-B72F-40C3609E3987}.Debug|iPhone.ActiveCfg = Debug|iPhone
		{CE749A1B-BA9E-405F-B72F-40C3609E3987}.Debug|iPhone.Build.0 = Debug|iPhone
		{CE749A1B-BA9E-405F-B72F-40C3609E3987}.Debug|iPhoneSimulator.ActiveCfg = Debug|iPhoneSimulator
		{CE749A1B-BA9E-405F-B72F-40C3609E3987}.Debug|iPhoneSimulator.Build.0 = Debug|iPhoneSimulator
		{CE749A1B-BA9E-405F-B72F-40C3609E3987}.Debug|x64.ActiveCfg = Debug|iPhone
		{CE749A1B-BA9E-405F-B72F-40C3609E3987}.Debug|x86.ActiveCfg = Debug|iPhone
		{CE749A1B-BA9E-405F-B72F-40C3609E3987}.Release|Any CPU.ActiveCfg = Release|iPhone
		{CE749A1B-BA9E-405F-B72F-40C3609E3987}.Release|ARM.ActiveCfg = Release|iPhone
		{CE749A1B-BA9E-405F-B72F-40C3609E3987}.Release|iPhone.ActiveCfg = Release|iPhone
		{CE749A1B-BA9E-405F-B72F-40C3609E3987}.Release|iPhone.Build.0 = Release|iPhone
		{CE749A1B-BA9E-405F-B72F-40C3609E3987}.Release|iPhoneSimulator.ActiveCfg = Release|iPhoneSimulator
		{CE749A1B-BA9E-405F-B72F-40C3609E3987}.Release|iPhoneSimulator.Build.0 = Release|iPhoneSimulator
		{CE749A1B-BA9E-405F-B72F-40C3609E3987}.Release|x64.ActiveCfg = Release|iPhone
		{CE749A1B-BA9E-405F-B72F-40C3609E3987}.Release|x86.ActiveCfg = Release|iPhone
		{B691C914-75FB-431F-87A4-A399E11975A9}.Ad-Hoc|Any CPU.ActiveCfg = Release|x86
		{B691C914-75FB-431F-87A4-A399E11975A9}.Ad-Hoc|Any CPU.Build.0 = Release|x86
		{B691C914-75FB-431F-87A4-A399E11975A9}.Ad-Hoc|Any CPU.Deploy.0 = Release|x86
		{B691C914-75FB-431F-87A4-A399E11975A9}.Ad-Hoc|ARM.ActiveCfg = Release|ARM
		{B691C914-75FB-431F-87A4-A399E11975A9}.Ad-Hoc|ARM.Build.0 = Release|ARM
		{B691C914-75FB-431F-87A4-A399E11975A9}.Ad-Hoc|ARM.Deploy.0 = Release|ARM
		{B691C914-75FB-431F-87A4-A399E11975A9}.Ad-Hoc|iPhone.ActiveCfg = Release|x86
		{B691C914-75FB-431F-87A4-A399E11975A9}.Ad-Hoc|iPhone.Build.0 = Release|x86
		{B691C914-75FB-431F-87A4-A399E11975A9}.Ad-Hoc|iPhone.Deploy.0 = Release|x86
		{B691C914-75FB-431F-87A4-A399E11975A9}.Ad-Hoc|iPhoneSimulator.ActiveCfg = Release|x86
		{B691C914-75FB-431F-87A4-A399E11975A9}.Ad-Hoc|iPhoneSimulator.Build.0 = Release|x86
		{B691C914-75FB-431F-87A4-A399E11975A9}.Ad-Hoc|iPhoneSimulator.Deploy.0 = Release|x86
		{B691C914-75FB-431F-87A4-A399E11975A9}.Ad-Hoc|x64.ActiveCfg = Release|x64
		{B691C914-75FB-431F-87A4-A399E11975A9}.Ad-Hoc|x64.Build.0 = Release|x64
		{B691C914-75FB-431F-87A4-A399E11975A9}.Ad-Hoc|x64.Deploy.0 = Release|x64
		{B691C914-75FB-431F-87A4-A399E11975A9}.Ad-Hoc|x86.ActiveCfg = Release|x86
		{B691C914-75FB-431F-87A4-A399E11975A9}.Ad-Hoc|x86.Build.0 = Release|x86
		{B691C914-75FB-431F-87A4-A399E11975A9}.Ad-Hoc|x86.Deploy.0 = Release|x86
		{B691C914-75FB-431F-87A4-A399E11975A9}.AppStore|Any CPU.ActiveCfg = Release|x86
		{B691C914-75FB-431F-87A4-A399E11975A9}.AppStore|Any CPU.Build.0 = Release|x86
		{B691C914-75FB-431F-87A4-A399E11975A9}.AppStore|Any CPU.Deploy.0 = Release|x86
		{B691C914-75FB-431F-87A4-A399E11975A9}.AppStore|ARM.ActiveCfg = Release|ARM
		{B691C914-75FB-431F-87A4-A399E11975A9}.AppStore|ARM.Build.0 = Release|ARM
		{B691C914-75FB-431F-87A4-A399E11975A9}.AppStore|ARM.Deploy.0 = Release|ARM
		{B691C914-75FB-431F-87A4-A399E11975A9}.AppStore|iPhone.ActiveCfg = Release|x86
		{B691C914-75FB-431F-87A4-A399E11975A9}.AppStore|iPhone.Build.0 = Release|x86
		{B691C914-75FB-431F-87A4-A399E11975A9}.AppStore|iPhone.Deploy.0 = Release|x86
		{B691C914-75FB-431F-87A4-A399E11975A9}.AppStore|iPhoneSimulator.ActiveCfg = Release|x86
		{B691C914-75FB-431F-87A4-A399E11975A9}.AppStore|iPhoneSimulator.Build.0 = Release|x86
		{B691C914-75FB-431F-87A4-A399E11975A9}.AppStore|iPhoneSimulator.Deploy.0 = Release|x86
		{B691C914-75FB-431F-87A4-A399E11975A9}.AppStore|x64.ActiveCfg = Release|x64
		{B691C914-75FB-431F-87A4-A399E11975A9}.AppStore|x64.Build.0 = Release|x64
		{B691C914-75FB-431F-87A4-A399E11975A9}.AppStore|x64.Deploy.0 = Release|x64
		{B691C914-75FB-431F-87A4-A399E11975A9}.AppStore|x86.ActiveCfg = Release|x86
		{B691C914-75FB-431F-87A4-A399E11975A9}.AppStore|x86.Build.0 = Release|x86
		{B691C914-75FB-431F-87A4-A399E11975A9}.AppStore|x86.Deploy.0 = Release|x86
		{B691C914-75FB-431F-87A4-A399E11975A9}.Debug|Any CPU.ActiveCfg = Debug|x86
		{B691C914-75FB-431F-87A4-A399E11975A9}.Debug|ARM.ActiveCfg = Debug|ARM
		{B691C914-75FB-431F-87A4-A399E11975A9}.Debug|ARM.Build.0 = Debug|ARM
		{B691C914-75FB-431F-87A4-A399E11975A9}.Debug|ARM.Deploy.0 = Debug|ARM
		{B691C914-75FB-431F-87A4-A399E11975A9}.Debug|iPhone.ActiveCfg = Debug|x86
		{B691C914-75FB-431F-87A4-A399E11975A9}.Debug|iPhoneSimulator.ActiveCfg = Debug|x86
		{B691C914-75FB-431F-87A4-A399E11975A9}.Debug|x64.ActiveCfg = Debug|x64
		{B691C914-75FB-431F-87A4-A399E11975A9}.Debug|x64.Build.0 = Debug|x64
		{B691C914-75FB-431F-87A4-A399E11975A9}.Debug|x64.Deploy.0 = Debug|x64
		{B691C914-75FB-431F-87A4-A399E11975A9}.Debug|x86.ActiveCfg = Debug|x86
		{B691C914-75FB-431F-87A4-A399E11975A9}.Debug|x86.Build.0 = Debug|x86
		{B691C914-75FB-431F-87A4-A399E11975A9}.Debug|x86.Deploy.0 = Debug|x86
		{B691C914-75FB-431F-87A4-A399E11975A9}.Release|Any CPU.ActiveCfg = Release|x86
		{B691C914-75FB-431F-87A4-A399E11975A9}.Release|ARM.ActiveCfg = Release|ARM
		{B691C914-75FB-431F-87A4-A399E11975A9}.Release|ARM.Build.0 = Release|ARM
		{B691C914-75FB-431F-87A4-A399E11975A9}.Release|ARM.Deploy.0 = Release|ARM
		{B691C914-75FB-431F-87A4-A399E11975A9}.Release|iPhone.ActiveCfg = Release|x86
		{B691C914-75FB-431F-87A4-A399E11975A9}.Release|iPhoneSimulator.ActiveCfg = Release|x86
		{B691C914-75FB-431F-87A4-A399E11975A9}.Release|x64.ActiveCfg = Release|x64
		{B691C914-75FB-431F-87A4-A399E11975A9}.Release|x64.Build.0 = Release|x64
		{B691C914-75FB-431F-87A4-A399E11975A9}.Release|x64.Deploy.0 = Release|x64
		{B691C914-75FB-431F-87A4-A399E11975A9}.Release|x86.ActiveCfg = Release|x86
		{B691C914-75FB-431F-87A4-A399E11975A9}.Release|x86.Build.0 = Release|x86
		{B691C914-75FB-431F-87A4-A399E11975A9}.Release|x86.Deploy.0 = Release|x86
	EndGlobalSection
	GlobalSection(SolutionProperties) = preSolution
		HideSolutionNode = FALSE
	EndGlobalSection
	GlobalSection(NestedProjects) = preSolution
		{95B0D078-53E2-439F-9165-9C18DE272E61} = {6C315332-EE78-41E5-944A-F271D7D8278D}
		{7946A16B-9F94-4E8D-872B-9F5A4BDBF94A} = {6C315332-EE78-41E5-944A-F271D7D8278D}
		{70008E34-CBA8-4D83-A6BC-7D4245015C72} = {6C315332-EE78-41E5-944A-F271D7D8278D}
		{CDAD4A8F-4162-42F8-9FDB-AC90E990AD06} = {95B0D078-53E2-439F-9165-9C18DE272E61}
		{760709D3-6905-4D6D-B900-3269E10AB787} = {95B0D078-53E2-439F-9165-9C18DE272E61}
		{DD97ACEF-5C77-4E48-8E05-22E0F8B5E7DD} = {95B0D078-53E2-439F-9165-9C18DE272E61}
		{CE749A1B-BA9E-405F-B72F-40C3609E3987} = {95B0D078-53E2-439F-9165-9C18DE272E61}
		{B691C914-75FB-431F-87A4-A399E11975A9} = {95B0D078-53E2-439F-9165-9C18DE272E61}
		{EEDE3B78-3FD8-4BB5-90CA-EF35A2834DDF} = {09390A8C-6848-4E6C-A511-F40B52F459FC}
		{1FE6E46F-BDD7-43D5-B131-7958084AC967} = {EEDE3B78-3FD8-4BB5-90CA-EF35A2834DDF}
		{056D3DB9-D405-48C0-B726-A263D16CD9A8} = {EEDE3B78-3FD8-4BB5-90CA-EF35A2834DDF}
		{CA08D4B6-817D-47F2-86D8-816533B4692B} = {EEDE3B78-3FD8-4BB5-90CA-EF35A2834DDF}
		{05D0CAED-AFF6-4D79-AD42-EE433826CA0A} = {EEDE3B78-3FD8-4BB5-90CA-EF35A2834DDF}
		{AEEC3DEB-02D4-43CD-AAAC-D66BCAD5A532} = {EEDE3B78-3FD8-4BB5-90CA-EF35A2834DDF}
		{19FAE58C-C6C4-4FBA-BF79-ED2C7F1EB737} = {09390A8C-6848-4E6C-A511-F40B52F459FC}
		{42D604FB-4F8B-4584-AB8C-287DA908DD4B} = {09390A8C-6848-4E6C-A511-F40B52F459FC}
	EndGlobalSection
	GlobalSection(ExtensibilityGlobals) = postSolution
		SolutionGuid = {8C921518-4D02-4961-957E-171FF5156FD8}
	EndGlobalSection
EndGlobal
